// !$*UTF8*$!
{
	archiveVersion = 1;
	classes = {
	};
	objectVersion = 46;
	objects = {
/* Begin PBXBuildFile section */
		00C33EC0A17B421595248641 /* CDVCompass.m in Sources */ = {isa = PBXBuildFile; fileRef = 372B4460038445139A759956 /* CDVCompass.m */; };
		0207DA581B56EA530066E2B4 /* Images.xcassets in Resources */ = {isa = PBXBuildFile; fileRef = 0207DA571B56EA530066E2B4 /* Images.xcassets */; };
		039669AF9F06449D8EE5C6D6 /* CDVBattery.m in Sources */ = {isa = PBXBuildFile; fileRef = 98918FD3AF91474683E3BCEA /* CDVBattery.m */; };
		03DD8183A4044BC89E493F51 /* OneSignalPush.h in Sources */ = {isa = PBXBuildFile; fileRef = 1EE16614389B4A7EB4A7946E /* OneSignalPush.h */; };
		0E8887E59D7D46EE8F223B98 /* OneSignalMobileProvision.m in Sources */ = {isa = PBXBuildFile; fileRef = 68BEFDDF1C2244ADB5B18D3F /* OneSignalMobileProvision.m */; };
		0FA03768B6354A4F9853FCFF /* CDVReachability.m in Sources */ = {isa = PBXBuildFile; fileRef = C3416D912C6A490CAB7217D4 /* CDVReachability.m */; };
		1AABC779369E475CB6162BCB /* UNUserNotificationCenter+OneSignal.m in Sources */ = {isa = PBXBuildFile; fileRef = 88AB7891E1654CBDB273EB88 /* UNUserNotificationCenter+OneSignal.m */; };
		1BF6AD6A7E544D699342AB33 /* AddressBookUI.framework in Frameworks */ = {isa = PBXBuildFile; fileRef = AAD526A744364AC4AE8D1D06 /* AddressBookUI.framework */; settings = {ATTRIBUTES = (Weak, ); }; };
		1D08C3012E144D3D9CEB10F6 /* CDVStatusBar.m in Sources */ = {isa = PBXBuildFile; fileRef = DB81DEF8A97C4902B1F69ABE /* CDVStatusBar.m */; };
		1D3623260D0F684500981E51 /* AppDelegate.m in Sources */ = {isa = PBXBuildFile; fileRef = 1D3623250D0F684500981E51 /* AppDelegate.m */; };
		1D60589B0D05DD56006BFB54 /* main.m in Sources */ = {isa = PBXBuildFile; fileRef = 29B97316FDCFA39411CA2CEA /* main.m */; };
		20585CEEBC144EADB79B0C4A /* CDVCapture.bundle in Resources */ = {isa = PBXBuildFile; fileRef = FA8336AF0896403B82B21FB0 /* CDVCapture.bundle */; };
		231BABD556E84D61B40ACF79 /* CoreMotion.framework in Frameworks */ = {isa = PBXBuildFile; fileRef = 1EE51EA37A0742FDA744D468 /* CoreMotion.framework */; };
		25457C59059F4FB394B7C830 /* OneSignalHTTPClient.m in Sources */ = {isa = PBXBuildFile; fileRef = E66EDF6434594DE99476B919 /* OneSignalHTTPClient.m */; };
		26903BC45AB14FE599B2777B /* OneSignalLocation.m in Sources */ = {isa = PBXBuildFile; fileRef = B1227FC6CAF842C8B76FF201 /* OneSignalLocation.m */; };
		26BEBD19E4FD4477B113B671 /* OneSignalPush.m in Sources */ = {isa = PBXBuildFile; fileRef = 8BBE1F32AA0B4BC1BF2847EB /* OneSignalPush.m */; };
		2A7A7F7710F34B609BB6A03F /* OneSignalSelectorHelpers.h in Sources */ = {isa = PBXBuildFile; fileRef = D93A82FB1CA049A0A2C3D596 /* OneSignalSelectorHelpers.h */; };
		301BF552109A68D80062928A /* libCordova.a in Frameworks */ = {isa = PBXBuildFile; fileRef = 301BF535109A57CC0062928A /* libCordova.a */; };
		302D95F114D2391D003F00A1 /* MainViewController.m in Sources */ = {isa = PBXBuildFile; fileRef = 302D95EF14D2391D003F00A1 /* MainViewController.m */; };
		302D95F214D2391D003F00A1 /* MainViewController.xib in Resources */ = {isa = PBXBuildFile; fileRef = 302D95F014D2391D003F00A1 /* MainViewController.xib */; };
		3708D8EEB20B460F843B1E5B /* CDVSplashScreen.m in Sources */ = {isa = PBXBuildFile; fileRef = A3C3DFF2E93F435C9F51DADB /* CDVSplashScreen.m */; };
		38CC01AC35BC49E2B02B7993 /* CDVVibration.m in Sources */ = {isa = PBXBuildFile; fileRef = 9A7F943439064950896E65C6 /* CDVVibration.m */; };
		3BD6944CF9A740DC8EC16577 /* CDVCamera.m in Sources */ = {isa = PBXBuildFile; fileRef = B8B9DB641C5A455895AD1A91 /* CDVCamera.m */; };
		40B7E75B4A4344AE861CAC78 /* CDVContacts.m in Sources */ = {isa = PBXBuildFile; fileRef = 5A2584C9415D4B8D948EF741 /* CDVContacts.m */; };
		41A216FA0ADF4729AD79F3A1 /* CDVAssetLibraryFilesystem.m in Sources */ = {isa = PBXBuildFile; fileRef = 40641D7A1C2041B9811B505B /* CDVAssetLibraryFilesystem.m */; };
		4E54E13503E04B839B1F20DA /* OneSignalAlertViewDelegate.m in Sources */ = {isa = PBXBuildFile; fileRef = DC34F2728DD3416EBBADA0EA /* OneSignalAlertViewDelegate.m */; };
		53002B2756554EBDB46B6EC4 /* CDVLogger.m in Sources */ = {isa = PBXBuildFile; fileRef = C65534144E554FDD997E10D8 /* CDVLogger.m */; };
		557DE1275C4847DF96C590ED /* AVFoundation.framework in Frameworks */ = {isa = PBXBuildFile; fileRef = 88E4B035891C4A7CA3BB05C0 /* AVFoundation.framework */; };
		560491B12BA8494983E196C2 /* CDVFileTransfer.m in Sources */ = {isa = PBXBuildFile; fileRef = 810DEC71D5924A49ADA23656 /* CDVFileTransfer.m */; };
		583A3554EE0A454BA183BCB9 /* CDVAccelerometer.m in Sources */ = {isa = PBXBuildFile; fileRef = E950FF424F964BC08EBA56D4 /* CDVAccelerometer.m */; };
		616E0E355CE54539AF9C9489 /* OneSignalTrackIAP.m in Sources */ = {isa = PBXBuildFile; fileRef = 64D7E73027A9422DBA4E3C0F /* OneSignalTrackIAP.m */; };
		61A1C70A3127440A8CF88413 /* CDVGlobalization.m in Sources */ = {isa = PBXBuildFile; fileRef = 0019DB0A57B84B41B15023E5 /* CDVGlobalization.m */; };
		6494A4C1615D4F72A56D0A57 /* OneSignalJailbreakDetection.m in Sources */ = {isa = PBXBuildFile; fileRef = 48ADC28793D341D586E7938D /* OneSignalJailbreakDetection.m */; };
		654BDAD675A244BD86979129 /* CDVSound.m in Sources */ = {isa = PBXBuildFile; fileRef = 84D03C38AC4940A78C2593C2 /* CDVSound.m */; };
		6AFF5BF91D6E424B00AB3073 /* CDVLaunchScreen.storyboard in Resources */ = {isa = PBXBuildFile; fileRef = 6AFF5BF81D6E424B00AB3073 /* CDVLaunchScreen.storyboard */; };
		6DB17160C14B48A3B1D5A98C /* CDVFile.m in Sources */ = {isa = PBXBuildFile; fileRef = 26B92490EF3F41B19BD7335B /* CDVFile.m */; };
		713E8F05D3CC4CFB83D9719B /* CDVLocalFilesystem.m in Sources */ = {isa = PBXBuildFile; fileRef = 4DACCB18291F41EE91B127A7 /* CDVLocalFilesystem.m */; };
		74594659F2B8459996970E63 /* OneSignalHelper.m in Sources */ = {isa = PBXBuildFile; fileRef = B4E4573A57E1473D8A95CF27 /* OneSignalHelper.m */; };
		74EAE2206B834BEB9C1F443E /* CoreLocation.framework in Frameworks */ = {isa = PBXBuildFile; fileRef = 4CD76FEBE74E4096A5841D5F /* CoreLocation.framework */; };
		76140114EC4748FC8FEB3CF8 /* CDVConnection.m in Sources */ = {isa = PBXBuildFile; fileRef = 8FA2D640DF054B2E90491BE4 /* CDVConnection.m */; };
		769676BCE8274357BB02D5A4 /* CDVViewController+SplashScreen.m in Sources */ = {isa = PBXBuildFile; fileRef = B48C4BD0A2784F11858B0DD7 /* CDVViewController+SplashScreen.m */; };
		7FCD465085FF48ECB40213FD /* UIApplicationDelegate+OneSignal.m in Sources */ = {isa = PBXBuildFile; fileRef = BCF9292C09364FF19D6CB5CE /* UIApplicationDelegate+OneSignal.m */; };
		9517B68CE89044E9B85A56D3 /* OneSignalSelectorHelpers.m in Sources */ = {isa = PBXBuildFile; fileRef = 0E057E73DAA74ADD90AA5AB7 /* OneSignalSelectorHelpers.m */; };
		960F9B4955CB4356B9C586AE /* UNUserNotificationCenter+OneSignal.h in Sources */ = {isa = PBXBuildFile; fileRef = 071D2FA4BF014E48AAD1F03A /* UNUserNotificationCenter+OneSignal.h */; };
		963196DAB83041AEB67CE64B /* CDVNotification.bundle in Resources */ = {isa = PBXBuildFile; fileRef = 66A2E3F6BFB842B7A12488BD /* CDVNotification.bundle */; };
		A7AC942FA0F24266A725B812 /* CDVCapture.m in Sources */ = {isa = PBXBuildFile; fileRef = 725BAF5EAEE54AC2A2AEF80D /* CDVCapture.m */; };
		A96F5E6DD2EB4582913C6A7A /* UIImage+CropScaleOrientation.m in Sources */ = {isa = PBXBuildFile; fileRef = 0699279FD6294B19BF0009D4 /* UIImage+CropScaleOrientation.m */; };
		B1B5AD32D9FD4344B29E8DF8 /* ImageIO.framework in Frameworks */ = {isa = PBXBuildFile; fileRef = 91210FECCDB04E10BCCE42EC /* ImageIO.framework */; settings = {ATTRIBUTES = (Weak, ); }; };
		BBEC0DB9B7EA4A94A4E6B37E /* OneSignalReachability.m in Sources */ = {isa = PBXBuildFile; fileRef = E9FE21304F0C4E8AADBCC91C /* OneSignalReachability.m */; };
		BE0CC960FF4B4A2D9E7668C9 /* AudioToolbox.framework in Frameworks */ = {isa = PBXBuildFile; fileRef = 7955C7BF8EDD4997BEBEEF4E /* AudioToolbox.framework */; settings = {ATTRIBUTES = (Weak, ); }; };
		BE1406B04D4E4990B19240F2 /* CDVJpegHeaderWriter.m in Sources */ = {isa = PBXBuildFile; fileRef = 5D5410F73AD9400C829DEA05 /* CDVJpegHeaderWriter.m */; };
		C1283766373D48B2A048CADB /* CDVLocation.m in Sources */ = {isa = PBXBuildFile; fileRef = 31DBC7A83407409D8228C260 /* CDVLocation.m */; };
		C3A005E36EB3453095FECBD2 /* CDVInAppBrowser.m in Sources */ = {isa = PBXBuildFile; fileRef = 48FA0C92AADB4102AE70B60C /* CDVInAppBrowser.m */; };
		C5B28C2F08E147A68A5EE117 /* AddressBook.framework in Frameworks */ = {isa = PBXBuildFile; fileRef = 25976CE03198433F9F795516 /* AddressBook.framework */; settings = {ATTRIBUTES = (Weak, ); }; };
		C7BDB101DCAB4F87B79B0F33 /* OneSignalWebView.m in Sources */ = {isa = PBXBuildFile; fileRef = DA1B63600B584EDB8D2A14EB /* OneSignalWebView.m */; };
		D7B970CB7CE64DE895D779FE /* SystemConfiguration.framework in Frameworks */ = {isa = PBXBuildFile; fileRef = 69DD78C338CA4F8898A9AFE7 /* SystemConfiguration.framework */; settings = {ATTRIBUTES = (Weak, ); }; };
		D7E418FF36804254945B2797 /* CDVContact.m in Sources */ = {isa = PBXBuildFile; fileRef = F183E907D12C48ECA172E3FE /* CDVContact.m */; };
		E1B278707AF245EA917E97D4 /* CDVNotification.m in Sources */ = {isa = PBXBuildFile; fileRef = 428273CA38944E4CBB15F022 /* CDVNotification.m */; };
		EBEA1AE026B84D81896F6C41 /* OneSignal.m in Sources */ = {isa = PBXBuildFile; fileRef = 6EF44347025F47BB899BC1A5 /* OneSignal.m */; };
		EF293DF52749401BB18E2D66 /* UIApplicationDelegate+OneSignal.h in Sources */ = {isa = PBXBuildFile; fileRef = A30B3E5AAAF04CEEA933F611 /* UIApplicationDelegate+OneSignal.h */; };
		F29F471CCE49407A952B0A55 /* OneSignalTracker.m in Sources */ = {isa = PBXBuildFile; fileRef = B83F905E8D014392A4E32186 /* OneSignalTracker.m */; };
		F9239384BB45407C9A9AE152 /* CDVDevice.m in Sources */ = {isa = PBXBuildFile; fileRef = 178C6D82C4E549CEB28FE361 /* CDVDevice.m */; };
		FB92E6E9EE794968B9FCDE9D /* CoreTelephony.framework in Frameworks */ = {isa = PBXBuildFile; fileRef = 6E2E423D332D4FE787964E67 /* CoreTelephony.framework */; };
/* End PBXBuildFile section */

/* Begin PBXContainerItemProxy section */
		301BF534109A57CC0062928A /* PBXContainerItemProxy */ = {
			isa = PBXContainerItemProxy;
			containerPortal = 301BF52D109A57CC0062928A /* CordovaLib.xcodeproj */;
			proxyType = 2;
			remoteGlobalIDString = D2AAC07E0554694100DB518D;
			remoteInfo = CordovaLib;
		};
		301BF550109A68C00062928A /* PBXContainerItemProxy */ = {
			isa = PBXContainerItemProxy;
			containerPortal = 301BF52D109A57CC0062928A /* CordovaLib.xcodeproj */;
			proxyType = 1;
			remoteGlobalIDString = D2AAC07D0554694100DB518D;
			remoteInfo = CordovaLib;
		};
/* End PBXContainerItemProxy section */

/* Begin PBXFileReference section */
		0019DB0A57B84B41B15023E5 /* CDVGlobalization.m */ = {isa = PBXFileReference; explicitFileType = undefined; fileEncoding = 4; includeInIndex = 0; lastKnownFileType = sourcecode.c.objc; name = CDVGlobalization.m; path = "cordova-plugin-globalization/CDVGlobalization.m"; sourceTree = "<group>"; };
		0207DA571B56EA530066E2B4 /* Images.xcassets */ = {isa = PBXFileReference; lastKnownFileType = folder.assetcatalog; name = Images.xcassets; path = misvivoapp/Images.xcassets; sourceTree = SOURCE_ROOT; };
		0699279FD6294B19BF0009D4 /* UIImage+CropScaleOrientation.m */ = {isa = PBXFileReference; explicitFileType = undefined; fileEncoding = 4; includeInIndex = 0; lastKnownFileType = sourcecode.c.objc; name = "UIImage+CropScaleOrientation.m"; path = "cordova-plugin-camera/UIImage+CropScaleOrientation.m"; sourceTree = "<group>"; };
		071D2FA4BF014E48AAD1F03A /* UNUserNotificationCenter+OneSignal.h */ = {isa = PBXFileReference; explicitFileType = undefined; fileEncoding = 4; includeInIndex = 0; lastKnownFileType = sourcecode.c.h; name = "UNUserNotificationCenter+OneSignal.h"; path = "onesignal-cordova-plugin/UNUserNotificationCenter+OneSignal.h"; sourceTree = "<group>"; };
		0E057E73DAA74ADD90AA5AB7 /* OneSignalSelectorHelpers.m */ = {isa = PBXFileReference; explicitFileType = undefined; fileEncoding = 4; includeInIndex = 0; lastKnownFileType = sourcecode.c.objc; name = OneSignalSelectorHelpers.m; path = "onesignal-cordova-plugin/OneSignalSelectorHelpers.m"; sourceTree = "<group>"; };
		102510FA74D547FD937A9BB1 /* CDVDevice.h */ = {isa = PBXFileReference; explicitFileType = undefined; fileEncoding = 4; includeInIndex = 0; lastKnownFileType = sourcecode.c.h; name = CDVDevice.h; path = "cordova-plugin-device/CDVDevice.h"; sourceTree = "<group>"; };
		178C6D82C4E549CEB28FE361 /* CDVDevice.m */ = {isa = PBXFileReference; explicitFileType = undefined; fileEncoding = 4; includeInIndex = 0; lastKnownFileType = sourcecode.c.objc; name = CDVDevice.m; path = "cordova-plugin-device/CDVDevice.m"; sourceTree = "<group>"; };
		1893201F5C7E435DAB712529 /* CDVBattery.h */ = {isa = PBXFileReference; explicitFileType = undefined; fileEncoding = 4; includeInIndex = 0; lastKnownFileType = sourcecode.c.h; name = CDVBattery.h; path = "cordova-plugin-battery-status/CDVBattery.h"; sourceTree = "<group>"; };
		1D3623240D0F684500981E51 /* AppDelegate.h */ = {isa = PBXFileReference; fileEncoding = 4; lastKnownFileType = sourcecode.c.h; path = AppDelegate.h; sourceTree = "<group>"; };
		1D3623250D0F684500981E51 /* AppDelegate.m */ = {isa = PBXFileReference; fileEncoding = 4; lastKnownFileType = sourcecode.c.objc; path = AppDelegate.m; sourceTree = "<group>"; };
		1D6058910D05DD3D006BFB54 /* misvivoapp.app */ = {isa = PBXFileReference; explicitFileType = wrapper.application; includeInIndex = 0; path = misvivoapp.app; sourceTree = BUILT_PRODUCTS_DIR; };
		1EE16614389B4A7EB4A7946E /* OneSignalPush.h */ = {isa = PBXFileReference; explicitFileType = undefined; fileEncoding = 4; includeInIndex = 0; lastKnownFileType = sourcecode.c.h; name = OneSignalPush.h; path = "onesignal-cordova-plugin/OneSignalPush.h"; sourceTree = "<group>"; };
		1EE51EA37A0742FDA744D468 /* CoreMotion.framework */ = {isa = PBXFileReference; explicitFileType = undefined; fileEncoding = 9; includeInIndex = 0; lastKnownFileType = wrapper.framework; name = CoreMotion.framework; path = System/Library/Frameworks/CoreMotion.framework; sourceTree = SDKROOT; };
		1F58CC5B0DDB40C5AD4F70B0 /* CDVFileTransfer.h */ = {isa = PBXFileReference; explicitFileType = undefined; fileEncoding = 4; includeInIndex = 0; lastKnownFileType = sourcecode.c.h; name = CDVFileTransfer.h; path = "cordova-plugin-file-transfer/CDVFileTransfer.h"; sourceTree = "<group>"; };
		25976CE03198433F9F795516 /* AddressBook.framework */ = {isa = PBXFileReference; explicitFileType = undefined; fileEncoding = 9; includeInIndex = 0; lastKnownFileType = wrapper.framework; name = AddressBook.framework; path = System/Library/Frameworks/AddressBook.framework; sourceTree = SDKROOT; };
		26B92490EF3F41B19BD7335B /* CDVFile.m */ = {isa = PBXFileReference; explicitFileType = undefined; fileEncoding = 4; includeInIndex = 0; lastKnownFileType = sourcecode.c.objc; name = CDVFile.m; path = "cordova-plugin-file/CDVFile.m"; sourceTree = "<group>"; };
		29B97316FDCFA39411CA2CEA /* main.m */ = {isa = PBXFileReference; fileEncoding = 4; lastKnownFileType = sourcecode.c.objc; path = main.m; sourceTree = "<group>"; };
		2ABA5BD6596744C2AB581868 /* CDVNotification.h */ = {isa = PBXFileReference; explicitFileType = undefined; fileEncoding = 4; includeInIndex = 0; lastKnownFileType = sourcecode.c.h; name = CDVNotification.h; path = "cordova-plugin-dialogs/CDVNotification.h"; sourceTree = "<group>"; };
		2DB760BCF80F47279773144D /* CDVCamera.h */ = {isa = PBXFileReference; explicitFileType = undefined; fileEncoding = 4; includeInIndex = 0; lastKnownFileType = sourcecode.c.h; name = CDVCamera.h; path = "cordova-plugin-camera/CDVCamera.h"; sourceTree = "<group>"; };
		301BF52D109A57CC0062928A /* CordovaLib.xcodeproj */ = {isa = PBXFileReference; lastKnownFileType = "wrapper.pb-project"; name = CordovaLib.xcodeproj; path = CordovaLib/CordovaLib.xcodeproj; sourceTree = "<group>"; };
		301BF56E109A69640062928A /* www */ = {isa = PBXFileReference; lastKnownFileType = folder; path = www; sourceTree = SOURCE_ROOT; };
		302D95EE14D2391D003F00A1 /* MainViewController.h */ = {isa = PBXFileReference; fileEncoding = 4; lastKnownFileType = sourcecode.c.h; path = MainViewController.h; sourceTree = "<group>"; };
		302D95EF14D2391D003F00A1 /* MainViewController.m */ = {isa = PBXFileReference; fileEncoding = 4; lastKnownFileType = sourcecode.c.objc; path = MainViewController.m; sourceTree = "<group>"; };
		302D95F014D2391D003F00A1 /* MainViewController.xib */ = {isa = PBXFileReference; fileEncoding = 4; lastKnownFileType = file.xib; path = MainViewController.xib; sourceTree = "<group>"; };
		3047A50F1AB8059700498E2A /* build-debug.xcconfig */ = {isa = PBXFileReference; fileEncoding = 4; lastKnownFileType = text.xcconfig; name = "build-debug.xcconfig"; path = "cordova/build-debug.xcconfig"; sourceTree = SOURCE_ROOT; };
		3047A5101AB8059700498E2A /* build-release.xcconfig */ = {isa = PBXFileReference; fileEncoding = 4; lastKnownFileType = text.xcconfig; name = "build-release.xcconfig"; path = "cordova/build-release.xcconfig"; sourceTree = SOURCE_ROOT; };
		3047A5111AB8059700498E2A /* build.xcconfig */ = {isa = PBXFileReference; fileEncoding = 4; lastKnownFileType = text.xcconfig; name = build.xcconfig; path = cordova/build.xcconfig; sourceTree = SOURCE_ROOT; };
		30C41DB80924412EA6431913 /* CDVExif.h */ = {isa = PBXFileReference; explicitFileType = undefined; fileEncoding = 4; includeInIndex = 0; lastKnownFileType = sourcecode.c.h; name = CDVExif.h; path = "cordova-plugin-camera/CDVExif.h"; sourceTree = "<group>"; };
		315787D4DCA64418A4E156CB /* OneSignal-Prefix.pch */ = {isa = PBXFileReference; explicitFileType = undefined; fileEncoding = 4; includeInIndex = 0; lastKnownFileType = sourcecode.c.h; name = "OneSignal-Prefix.pch"; path = "onesignal-cordova-plugin/OneSignal-Prefix.pch"; sourceTree = "<group>"; };
		31DBC7A83407409D8228C260 /* CDVLocation.m */ = {isa = PBXFileReference; explicitFileType = undefined; fileEncoding = 4; includeInIndex = 0; lastKnownFileType = sourcecode.c.objc; name = CDVLocation.m; path = "cordova-plugin-geolocation/CDVLocation.m"; sourceTree = "<group>"; };
		31F7758963D140C0988A8F52 /* OneSignalAlertViewDelegate.h */ = {isa = PBXFileReference; explicitFileType = undefined; fileEncoding = 4; includeInIndex = 0; lastKnownFileType = sourcecode.c.h; name = OneSignalAlertViewDelegate.h; path = "onesignal-cordova-plugin/OneSignalAlertViewDelegate.h"; sourceTree = "<group>"; };
		32CA4F630368D1EE00C91783 /* misvivoapp-Prefix.pch */ = {isa = PBXFileReference; fileEncoding = 4; lastKnownFileType = sourcecode.c.h; path = "misvivoapp-Prefix.pch"; sourceTree = "<group>"; };
		363E5D84A4DC4583B59EEBCC /* CDVLogger.h */ = {isa = PBXFileReference; explicitFileType = undefined; fileEncoding = 4; includeInIndex = 0; lastKnownFileType = sourcecode.c.h; name = CDVLogger.h; path = "cordova-plugin-console/CDVLogger.h"; sourceTree = "<group>"; };
		372B4460038445139A759956 /* CDVCompass.m */ = {isa = PBXFileReference; explicitFileType = undefined; fileEncoding = 4; includeInIndex = 0; lastKnownFileType = sourcecode.c.objc; name = CDVCompass.m; path = "cordova-plugin-device-orientation/CDVCompass.m"; sourceTree = "<group>"; };
		37330152CE4140C3A0666E59 /* CDVAccelerometer.h */ = {isa = PBXFileReference; explicitFileType = undefined; fileEncoding = 4; includeInIndex = 0; lastKnownFileType = sourcecode.c.h; name = CDVAccelerometer.h; path = "cordova-plugin-device-motion/CDVAccelerometer.h"; sourceTree = "<group>"; };
		39B0237E6D49428AAB76AA86 /* CDVSound.h */ = {isa = PBXFileReference; explicitFileType = undefined; fileEncoding = 4; includeInIndex = 0; lastKnownFileType = sourcecode.c.h; name = CDVSound.h; path = "cordova-plugin-media/CDVSound.h"; sourceTree = "<group>"; };
		3DB0146A12184B39BF82DD5C /* CDVContact.h */ = {isa = PBXFileReference; explicitFileType = undefined; fileEncoding = 4; includeInIndex = 0; lastKnownFileType = sourcecode.c.h; name = CDVContact.h; path = "cordova-plugin-contacts/CDVContact.h"; sourceTree = "<group>"; };
		40641D7A1C2041B9811B505B /* CDVAssetLibraryFilesystem.m */ = {isa = PBXFileReference; explicitFileType = undefined; fileEncoding = 4; includeInIndex = 0; lastKnownFileType = sourcecode.c.objc; name = CDVAssetLibraryFilesystem.m; path = "cordova-plugin-file/CDVAssetLibraryFilesystem.m"; sourceTree = "<group>"; };
		41B608C912184A6FA1D5A09F /* CDVJpegHeaderWriter.h */ = {isa = PBXFileReference; explicitFileType = undefined; fileEncoding = 4; includeInIndex = 0; lastKnownFileType = sourcecode.c.h; name = CDVJpegHeaderWriter.h; path = "cordova-plugin-camera/CDVJpegHeaderWriter.h"; sourceTree = "<group>"; };
		428273CA38944E4CBB15F022 /* CDVNotification.m */ = {isa = PBXFileReference; explicitFileType = undefined; fileEncoding = 4; includeInIndex = 0; lastKnownFileType = sourcecode.c.objc; name = CDVNotification.m; path = "cordova-plugin-dialogs/CDVNotification.m"; sourceTree = "<group>"; };
		48ADC28793D341D586E7938D /* OneSignalJailbreakDetection.m */ = {isa = PBXFileReference; explicitFileType = undefined; fileEncoding = 4; includeInIndex = 0; lastKnownFileType = sourcecode.c.objc; name = OneSignalJailbreakDetection.m; path = "onesignal-cordova-plugin/OneSignalJailbreakDetection.m"; sourceTree = "<group>"; };
		48BAF76329B941D0B5D71AF7 /* CDVCompass.h */ = {isa = PBXFileReference; explicitFileType = undefined; fileEncoding = 4; includeInIndex = 0; lastKnownFileType = sourcecode.c.h; name = CDVCompass.h; path = "cordova-plugin-device-orientation/CDVCompass.h"; sourceTree = "<group>"; };
		48FA0C92AADB4102AE70B60C /* CDVInAppBrowser.m */ = {isa = PBXFileReference; explicitFileType = undefined; fileEncoding = 4; includeInIndex = 0; lastKnownFileType = sourcecode.c.objc; name = CDVInAppBrowser.m; path = "cordova-plugin-inappbrowser/CDVInAppBrowser.m"; sourceTree = "<group>"; };
		49B42576B1944E4B9C5F2323 /* CDVLocalFilesystem.h */ = {isa = PBXFileReference; explicitFileType = undefined; fileEncoding = 4; includeInIndex = 0; lastKnownFileType = sourcecode.c.h; name = CDVLocalFilesystem.h; path = "cordova-plugin-file/CDVLocalFilesystem.h"; sourceTree = "<group>"; };
		4CD76FEBE74E4096A5841D5F /* CoreLocation.framework */ = {isa = PBXFileReference; explicitFileType = undefined; fileEncoding = 9; includeInIndex = 0; lastKnownFileType = wrapper.framework; name = CoreLocation.framework; path = System/Library/Frameworks/CoreLocation.framework; sourceTree = SDKROOT; };
		4DACCB18291F41EE91B127A7 /* CDVLocalFilesystem.m */ = {isa = PBXFileReference; explicitFileType = undefined; fileEncoding = 4; includeInIndex = 0; lastKnownFileType = sourcecode.c.objc; name = CDVLocalFilesystem.m; path = "cordova-plugin-file/CDVLocalFilesystem.m"; sourceTree = "<group>"; };
		4E0B56CFE5AA416EA333EC15 /* CDVContacts.h */ = {isa = PBXFileReference; explicitFileType = undefined; fileEncoding = 4; includeInIndex = 0; lastKnownFileType = sourcecode.c.h; name = CDVContacts.h; path = "cordova-plugin-contacts/CDVContacts.h"; sourceTree = "<group>"; };
		5052E3D6E9D240A0BBCE3A64 /* CDVViewController+SplashScreen.h */ = {isa = PBXFileReference; explicitFileType = undefined; fileEncoding = 4; includeInIndex = 0; lastKnownFileType = sourcecode.c.h; name = "CDVViewController+SplashScreen.h"; path = "cordova-plugin-splashscreen/CDVViewController+SplashScreen.h"; sourceTree = "<group>"; };
		57AE7EB2385F41198E57E9C5 /* OneSignalLocation.h */ = {isa = PBXFileReference; explicitFileType = undefined; fileEncoding = 4; includeInIndex = 0; lastKnownFileType = sourcecode.c.h; name = OneSignalLocation.h; path = "onesignal-cordova-plugin/OneSignalLocation.h"; sourceTree = "<group>"; };
		5A2584C9415D4B8D948EF741 /* CDVContacts.m */ = {isa = PBXFileReference; explicitFileType = undefined; fileEncoding = 4; includeInIndex = 0; lastKnownFileType = sourcecode.c.objc; name = CDVContacts.m; path = "cordova-plugin-contacts/CDVContacts.m"; sourceTree = "<group>"; };
		5D5410F73AD9400C829DEA05 /* CDVJpegHeaderWriter.m */ = {isa = PBXFileReference; explicitFileType = undefined; fileEncoding = 4; includeInIndex = 0; lastKnownFileType = sourcecode.c.objc; name = CDVJpegHeaderWriter.m; path = "cordova-plugin-camera/CDVJpegHeaderWriter.m"; sourceTree = "<group>"; };
		5F50CF17B64E4856BC66E934 /* OneSignalHelper.h */ = {isa = PBXFileReference; explicitFileType = undefined; fileEncoding = 4; includeInIndex = 0; lastKnownFileType = sourcecode.c.h; name = OneSignalHelper.h; path = "onesignal-cordova-plugin/OneSignalHelper.h"; sourceTree = "<group>"; };
		64D7E73027A9422DBA4E3C0F /* OneSignalTrackIAP.m */ = {isa = PBXFileReference; explicitFileType = undefined; fileEncoding = 4; includeInIndex = 0; lastKnownFileType = sourcecode.c.objc; name = OneSignalTrackIAP.m; path = "onesignal-cordova-plugin/OneSignalTrackIAP.m"; sourceTree = "<group>"; };
		66A2E3F6BFB842B7A12488BD /* CDVNotification.bundle */ = {isa = PBXFileReference; explicitFileType = undefined; fileEncoding = 9; includeInIndex = 0; lastKnownFileType = "wrapper.plug-in"; path = CDVNotification.bundle; sourceTree = "<group>"; };
		687E7DBD6A434DE98A7C0F17 /* OneSignalHTTPClient.h */ = {isa = PBXFileReference; explicitFileType = undefined; fileEncoding = 4; includeInIndex = 0; lastKnownFileType = sourcecode.c.h; name = OneSignalHTTPClient.h; path = "onesignal-cordova-plugin/OneSignalHTTPClient.h"; sourceTree = "<group>"; };
		68BEFDDF1C2244ADB5B18D3F /* OneSignalMobileProvision.m */ = {isa = PBXFileReference; explicitFileType = undefined; fileEncoding = 4; includeInIndex = 0; lastKnownFileType = sourcecode.c.objc; name = OneSignalMobileProvision.m; path = "onesignal-cordova-plugin/OneSignalMobileProvision.m"; sourceTree = "<group>"; };
		69DD78C338CA4F8898A9AFE7 /* SystemConfiguration.framework */ = {isa = PBXFileReference; explicitFileType = undefined; fileEncoding = 9; includeInIndex = 0; lastKnownFileType = wrapper.framework; name = SystemConfiguration.framework; path = System/Library/Frameworks/SystemConfiguration.framework; sourceTree = SDKROOT; };
		6AFF5BF81D6E424B00AB3073 /* CDVLaunchScreen.storyboard */ = {isa = PBXFileReference; fileEncoding = 4; lastKnownFileType = file.storyboard; name = CDVLaunchScreen.storyboard; path = misvivoapp/CDVLaunchScreen.storyboard; sourceTree = SOURCE_ROOT; };
		6E2E423D332D4FE787964E67 /* CoreTelephony.framework */ = {isa = PBXFileReference; explicitFileType = undefined; fileEncoding = 9; includeInIndex = 0; lastKnownFileType = wrapper.framework; name = CoreTelephony.framework; path = System/Library/Frameworks/CoreTelephony.framework; sourceTree = SDKROOT; };
		6EF44347025F47BB899BC1A5 /* OneSignal.m */ = {isa = PBXFileReference; explicitFileType = undefined; fileEncoding = 4; includeInIndex = 0; lastKnownFileType = sourcecode.c.objc; name = OneSignal.m; path = "onesignal-cordova-plugin/OneSignal.m"; sourceTree = "<group>"; };
		725BAF5EAEE54AC2A2AEF80D /* CDVCapture.m */ = {isa = PBXFileReference; explicitFileType = undefined; fileEncoding = 4; includeInIndex = 0; lastKnownFileType = sourcecode.c.objc; name = CDVCapture.m; path = "cordova-plugin-media-capture/CDVCapture.m"; sourceTree = "<group>"; };
		7955C7BF8EDD4997BEBEEF4E /* AudioToolbox.framework */ = {isa = PBXFileReference; explicitFileType = undefined; fileEncoding = 9; includeInIndex = 0; lastKnownFileType = wrapper.framework; name = AudioToolbox.framework; path = System/Library/Frameworks/AudioToolbox.framework; sourceTree = SDKROOT; };
		810DEC71D5924A49ADA23656 /* CDVFileTransfer.m */ = {isa = PBXFileReference; explicitFileType = undefined; fileEncoding = 4; includeInIndex = 0; lastKnownFileType = sourcecode.c.objc; name = CDVFileTransfer.m; path = "cordova-plugin-file-transfer/CDVFileTransfer.m"; sourceTree = "<group>"; };
		83DE4420B5DF4B4DAFC834C5 /* CDVReachability.h */ = {isa = PBXFileReference; explicitFileType = undefined; fileEncoding = 4; includeInIndex = 0; lastKnownFileType = sourcecode.c.h; name = CDVReachability.h; path = "cordova-plugin-network-information/CDVReachability.h"; sourceTree = "<group>"; };
		84D03C38AC4940A78C2593C2 /* CDVSound.m */ = {isa = PBXFileReference; explicitFileType = undefined; fileEncoding = 4; includeInIndex = 0; lastKnownFileType = sourcecode.c.objc; name = CDVSound.m; path = "cordova-plugin-media/CDVSound.m"; sourceTree = "<group>"; };
		84E18B071E664B3D006E6574 /* misvivoapp.entitlements */ = {isa = PBXFileReference; lastKnownFileType = text.plist.entitlements; name = misvivoapp.entitlements; path = misvivoapp/misvivoapp.entitlements; sourceTree = "<group>"; };
		889F9633DB2E41BFB5704621 /* OneSignalMobileProvision.h */ = {isa = PBXFileReference; explicitFileType = undefined; fileEncoding = 4; includeInIndex = 0; lastKnownFileType = sourcecode.c.h; name = OneSignalMobileProvision.h; path = "onesignal-cordova-plugin/OneSignalMobileProvision.h"; sourceTree = "<group>"; };
		88AB7891E1654CBDB273EB88 /* UNUserNotificationCenter+OneSignal.m */ = {isa = PBXFileReference; explicitFileType = undefined; fileEncoding = 4; includeInIndex = 0; lastKnownFileType = sourcecode.c.objc; name = "UNUserNotificationCenter+OneSignal.m"; path = "onesignal-cordova-plugin/UNUserNotificationCenter+OneSignal.m"; sourceTree = "<group>"; };
		88E4B035891C4A7CA3BB05C0 /* AVFoundation.framework */ = {isa = PBXFileReference; explicitFileType = undefined; fileEncoding = 9; includeInIndex = 0; lastKnownFileType = wrapper.framework; name = AVFoundation.framework; path = System/Library/Frameworks/AVFoundation.framework; sourceTree = SDKROOT; };
		8BBE1F32AA0B4BC1BF2847EB /* OneSignalPush.m */ = {isa = PBXFileReference; explicitFileType = undefined; fileEncoding = 4; includeInIndex = 0; lastKnownFileType = sourcecode.c.objc; name = OneSignalPush.m; path = "onesignal-cordova-plugin/OneSignalPush.m"; sourceTree = "<group>"; };
		8C06DCFA26C84278AC924A3C /* CDVConnection.h */ = {isa = PBXFileReference; explicitFileType = undefined; fileEncoding = 4; includeInIndex = 0; lastKnownFileType = sourcecode.c.h; name = CDVConnection.h; path = "cordova-plugin-network-information/CDVConnection.h"; sourceTree = "<group>"; };
		8D1107310486CEB800E47090 /* misvivoapp-Info.plist */ = {isa = PBXFileReference; fileEncoding = 4; lastKnownFileType = text.plist.xml; name = "misvivoapp-Info.plist"; path = "misvivoapp/misvivoapp-Info.plist"; plistStructureDefinitionIdentifier = "com.apple.xcode.plist.structure-definition.iphone.info-plist"; sourceTree = SOURCE_ROOT; };
		8FA2D640DF054B2E90491BE4 /* CDVConnection.m */ = {isa = PBXFileReference; explicitFileType = undefined; fileEncoding = 4; includeInIndex = 0; lastKnownFileType = sourcecode.c.objc; name = CDVConnection.m; path = "cordova-plugin-network-information/CDVConnection.m"; sourceTree = "<group>"; };
		91210FECCDB04E10BCCE42EC /* ImageIO.framework */ = {isa = PBXFileReference; explicitFileType = undefined; fileEncoding = 9; includeInIndex = 0; lastKnownFileType = wrapper.framework; name = ImageIO.framework; path = System/Library/Frameworks/ImageIO.framework; sourceTree = SDKROOT; };
		98918FD3AF91474683E3BCEA /* CDVBattery.m */ = {isa = PBXFileReference; explicitFileType = undefined; fileEncoding = 4; includeInIndex = 0; lastKnownFileType = sourcecode.c.objc; name = CDVBattery.m; path = "cordova-plugin-battery-status/CDVBattery.m"; sourceTree = "<group>"; };
		9A7F943439064950896E65C6 /* CDVVibration.m */ = {isa = PBXFileReference; explicitFileType = undefined; fileEncoding = 4; includeInIndex = 0; lastKnownFileType = sourcecode.c.objc; name = CDVVibration.m; path = "cordova-plugin-vibration/CDVVibration.m"; sourceTree = "<group>"; };
		A30B3E5AAAF04CEEA933F611 /* UIApplicationDelegate+OneSignal.h */ = {isa = PBXFileReference; explicitFileType = undefined; fileEncoding = 4; includeInIndex = 0; lastKnownFileType = sourcecode.c.h; name = "UIApplicationDelegate+OneSignal.h"; path = "onesignal-cordova-plugin/UIApplicationDelegate+OneSignal.h"; sourceTree = "<group>"; };
		A3C3DFF2E93F435C9F51DADB /* CDVSplashScreen.m */ = {isa = PBXFileReference; explicitFileType = undefined; fileEncoding = 4; includeInIndex = 0; lastKnownFileType = sourcecode.c.objc; name = CDVSplashScreen.m; path = "cordova-plugin-splashscreen/CDVSplashScreen.m"; sourceTree = "<group>"; };
		A8D58661C1164C0688582E0A /* OneSignalTracker.h */ = {isa = PBXFileReference; explicitFileType = undefined; fileEncoding = 4; includeInIndex = 0; lastKnownFileType = sourcecode.c.h; name = OneSignalTracker.h; path = "onesignal-cordova-plugin/OneSignalTracker.h"; sourceTree = "<group>"; };
		AA455A1EDF3E47049446B015 /* CDVSplashScreen.h */ = {isa = PBXFileReference; explicitFileType = undefined; fileEncoding = 4; includeInIndex = 0; lastKnownFileType = sourcecode.c.h; name = CDVSplashScreen.h; path = "cordova-plugin-splashscreen/CDVSplashScreen.h"; sourceTree = "<group>"; };
		AAD526A744364AC4AE8D1D06 /* AddressBookUI.framework */ = {isa = PBXFileReference; explicitFileType = undefined; fileEncoding = 9; includeInIndex = 0; lastKnownFileType = wrapper.framework; name = AddressBookUI.framework; path = System/Library/Frameworks/AddressBookUI.framework; sourceTree = SDKROOT; };
		B1227FC6CAF842C8B76FF201 /* OneSignalLocation.m */ = {isa = PBXFileReference; explicitFileType = undefined; fileEncoding = 4; includeInIndex = 0; lastKnownFileType = sourcecode.c.objc; name = OneSignalLocation.m; path = "onesignal-cordova-plugin/OneSignalLocation.m"; sourceTree = "<group>"; };
		B48C4BD0A2784F11858B0DD7 /* CDVViewController+SplashScreen.m */ = {isa = PBXFileReference; explicitFileType = undefined; fileEncoding = 4; includeInIndex = 0; lastKnownFileType = sourcecode.c.objc; name = "CDVViewController+SplashScreen.m"; path = "cordova-plugin-splashscreen/CDVViewController+SplashScreen.m"; sourceTree = "<group>"; };
		B4E4573A57E1473D8A95CF27 /* OneSignalHelper.m */ = {isa = PBXFileReference; explicitFileType = undefined; fileEncoding = 4; includeInIndex = 0; lastKnownFileType = sourcecode.c.objc; name = OneSignalHelper.m; path = "onesignal-cordova-plugin/OneSignalHelper.m"; sourceTree = "<group>"; };
		B83F905E8D014392A4E32186 /* OneSignalTracker.m */ = {isa = PBXFileReference; explicitFileType = undefined; fileEncoding = 4; includeInIndex = 0; lastKnownFileType = sourcecode.c.objc; name = OneSignalTracker.m; path = "onesignal-cordova-plugin/OneSignalTracker.m"; sourceTree = "<group>"; };
		B8B9DB641C5A455895AD1A91 /* CDVCamera.m */ = {isa = PBXFileReference; explicitFileType = undefined; fileEncoding = 4; includeInIndex = 0; lastKnownFileType = sourcecode.c.objc; name = CDVCamera.m; path = "cordova-plugin-camera/CDVCamera.m"; sourceTree = "<group>"; };
		BC973CB03E324BE28F4BB311 /* CDVLocation.h */ = {isa = PBXFileReference; explicitFileType = undefined; fileEncoding = 4; includeInIndex = 0; lastKnownFileType = sourcecode.c.h; name = CDVLocation.h; path = "cordova-plugin-geolocation/CDVLocation.h"; sourceTree = "<group>"; };
		BCF9292C09364FF19D6CB5CE /* UIApplicationDelegate+OneSignal.m */ = {isa = PBXFileReference; explicitFileType = undefined; fileEncoding = 4; includeInIndex = 0; lastKnownFileType = sourcecode.c.objc; name = "UIApplicationDelegate+OneSignal.m"; path = "onesignal-cordova-plugin/UIApplicationDelegate+OneSignal.m"; sourceTree = "<group>"; };
		BD1FAD9C754343A6A9BAFD00 /* OneSignalTrackIAP.h */ = {isa = PBXFileReference; explicitFileType = undefined; fileEncoding = 4; includeInIndex = 0; lastKnownFileType = sourcecode.c.h; name = OneSignalTrackIAP.h; path = "onesignal-cordova-plugin/OneSignalTrackIAP.h"; sourceTree = "<group>"; };
		BE28730EDE984199A9D55B68 /* UIImage+CropScaleOrientation.h */ = {isa = PBXFileReference; explicitFileType = undefined; fileEncoding = 4; includeInIndex = 0; lastKnownFileType = sourcecode.c.h; name = "UIImage+CropScaleOrientation.h"; path = "cordova-plugin-camera/UIImage+CropScaleOrientation.h"; sourceTree = "<group>"; };
		C3416D912C6A490CAB7217D4 /* CDVReachability.m */ = {isa = PBXFileReference; explicitFileType = undefined; fileEncoding = 4; includeInIndex = 0; lastKnownFileType = sourcecode.c.objc; name = CDVReachability.m; path = "cordova-plugin-network-information/CDVReachability.m"; sourceTree = "<group>"; };
		C65534144E554FDD997E10D8 /* CDVLogger.m */ = {isa = PBXFileReference; explicitFileType = undefined; fileEncoding = 4; includeInIndex = 0; lastKnownFileType = sourcecode.c.objc; name = CDVLogger.m; path = "cordova-plugin-console/CDVLogger.m"; sourceTree = "<group>"; };
		CD813137CFB74D04B13C1907 /* CDVCapture.h */ = {isa = PBXFileReference; explicitFileType = undefined; fileEncoding = 4; includeInIndex = 0; lastKnownFileType = sourcecode.c.h; name = CDVCapture.h; path = "cordova-plugin-media-capture/CDVCapture.h"; sourceTree = "<group>"; };
		D1C174C3EB34477E96BB4E66 /* OneSignal.h */ = {isa = PBXFileReference; explicitFileType = undefined; fileEncoding = 4; includeInIndex = 0; lastKnownFileType = sourcecode.c.h; name = OneSignal.h; path = "onesignal-cordova-plugin/OneSignal.h"; sourceTree = "<group>"; };
		D29099FCC5074CA5963A8B09 /* CDVStatusBar.h */ = {isa = PBXFileReference; explicitFileType = undefined; fileEncoding = 4; includeInIndex = 0; lastKnownFileType = sourcecode.c.h; name = CDVStatusBar.h; path = "cordova-plugin-statusbar/CDVStatusBar.h"; sourceTree = "<group>"; };
		D35C51D3007F4FBAAD9E4910 /* CDVVibration.h */ = {isa = PBXFileReference; explicitFileType = undefined; fileEncoding = 4; includeInIndex = 0; lastKnownFileType = sourcecode.c.h; name = CDVVibration.h; path = "cordova-plugin-vibration/CDVVibration.h"; sourceTree = "<group>"; };
		D93A82FB1CA049A0A2C3D596 /* OneSignalSelectorHelpers.h */ = {isa = PBXFileReference; explicitFileType = undefined; fileEncoding = 4; includeInIndex = 0; lastKnownFileType = sourcecode.c.h; name = OneSignalSelectorHelpers.h; path = "onesignal-cordova-plugin/OneSignalSelectorHelpers.h"; sourceTree = "<group>"; };
		DA1B63600B584EDB8D2A14EB /* OneSignalWebView.m */ = {isa = PBXFileReference; explicitFileType = undefined; fileEncoding = 4; includeInIndex = 0; lastKnownFileType = sourcecode.c.objc; name = OneSignalWebView.m; path = "onesignal-cordova-plugin/OneSignalWebView.m"; sourceTree = "<group>"; };
		DB81DEF8A97C4902B1F69ABE /* CDVStatusBar.m */ = {isa = PBXFileReference; explicitFileType = undefined; fileEncoding = 4; includeInIndex = 0; lastKnownFileType = sourcecode.c.objc; name = CDVStatusBar.m; path = "cordova-plugin-statusbar/CDVStatusBar.m"; sourceTree = "<group>"; };
		DC34F2728DD3416EBBADA0EA /* OneSignalAlertViewDelegate.m */ = {isa = PBXFileReference; explicitFileType = undefined; fileEncoding = 4; includeInIndex = 0; lastKnownFileType = sourcecode.c.objc; name = OneSignalAlertViewDelegate.m; path = "onesignal-cordova-plugin/OneSignalAlertViewDelegate.m"; sourceTree = "<group>"; };
		DFCD34A2588246D38F21EDAD /* CDVGlobalization.h */ = {isa = PBXFileReference; explicitFileType = undefined; fileEncoding = 4; includeInIndex = 0; lastKnownFileType = sourcecode.c.h; name = CDVGlobalization.h; path = "cordova-plugin-globalization/CDVGlobalization.h"; sourceTree = "<group>"; };
		E0453714DF8B46809D9B5BEF /* OneSignalJailbreakDetection.h */ = {isa = PBXFileReference; explicitFileType = undefined; fileEncoding = 4; includeInIndex = 0; lastKnownFileType = sourcecode.c.h; name = OneSignalJailbreakDetection.h; path = "onesignal-cordova-plugin/OneSignalJailbreakDetection.h"; sourceTree = "<group>"; };
		E66EDF6434594DE99476B919 /* OneSignalHTTPClient.m */ = {isa = PBXFileReference; explicitFileType = undefined; fileEncoding = 4; includeInIndex = 0; lastKnownFileType = sourcecode.c.objc; name = OneSignalHTTPClient.m; path = "onesignal-cordova-plugin/OneSignalHTTPClient.m"; sourceTree = "<group>"; };
		E950FF424F964BC08EBA56D4 /* CDVAccelerometer.m */ = {isa = PBXFileReference; explicitFileType = undefined; fileEncoding = 4; includeInIndex = 0; lastKnownFileType = sourcecode.c.objc; name = CDVAccelerometer.m; path = "cordova-plugin-device-motion/CDVAccelerometer.m"; sourceTree = "<group>"; };
		E9C5B4CCF8204DD1912A1637 /* OneSignalWebView.h */ = {isa = PBXFileReference; explicitFileType = undefined; fileEncoding = 4; includeInIndex = 0; lastKnownFileType = sourcecode.c.h; name = OneSignalWebView.h; path = "onesignal-cordova-plugin/OneSignalWebView.h"; sourceTree = "<group>"; };
		E9FE21304F0C4E8AADBCC91C /* OneSignalReachability.m */ = {isa = PBXFileReference; explicitFileType = undefined; fileEncoding = 4; includeInIndex = 0; lastKnownFileType = sourcecode.c.objc; name = OneSignalReachability.m; path = "onesignal-cordova-plugin/OneSignalReachability.m"; sourceTree = "<group>"; };
		EB87FDF31871DA8E0020F90C /* www */ = {isa = PBXFileReference; lastKnownFileType = folder; name = www; path = ../../www; sourceTree = "<group>"; };
		EB87FDF41871DAF40020F90C /* config.xml */ = {isa = PBXFileReference; lastKnownFileType = text.xml; name = config.xml; path = ../../config.xml; sourceTree = "<group>"; };
		EBA924A8D8D7443194FBAA98 /* OneSignalReachability.h */ = {isa = PBXFileReference; explicitFileType = undefined; fileEncoding = 4; includeInIndex = 0; lastKnownFileType = sourcecode.c.h; name = OneSignalReachability.h; path = "onesignal-cordova-plugin/OneSignalReachability.h"; sourceTree = "<group>"; };
		ED33DF2A687741AEAF9F8254 /* Bridging-Header.h */ = {isa = PBXFileReference; fileEncoding = 4; lastKnownFileType = sourcecode.c.h; path = "Bridging-Header.h"; sourceTree = "<group>"; };
		EE61A20EBBFA4EC8BF6A68BD /* CDVAssetLibraryFilesystem.h */ = {isa = PBXFileReference; explicitFileType = undefined; fileEncoding = 4; includeInIndex = 0; lastKnownFileType = sourcecode.c.h; name = CDVAssetLibraryFilesystem.h; path = "cordova-plugin-file/CDVAssetLibraryFilesystem.h"; sourceTree = "<group>"; };
		F183E907D12C48ECA172E3FE /* CDVContact.m */ = {isa = PBXFileReference; explicitFileType = undefined; fileEncoding = 4; includeInIndex = 0; lastKnownFileType = sourcecode.c.objc; name = CDVContact.m; path = "cordova-plugin-contacts/CDVContact.m"; sourceTree = "<group>"; };
		F72EF5EF56B24EA3BEC9B5E8 /* CDVFile.h */ = {isa = PBXFileReference; explicitFileType = undefined; fileEncoding = 4; includeInIndex = 0; lastKnownFileType = sourcecode.c.h; name = CDVFile.h; path = "cordova-plugin-file/CDVFile.h"; sourceTree = "<group>"; };
		F74D9D19C9854B88A1702FE8 /* CDVInAppBrowser.h */ = {isa = PBXFileReference; explicitFileType = undefined; fileEncoding = 4; includeInIndex = 0; lastKnownFileType = sourcecode.c.h; name = CDVInAppBrowser.h; path = "cordova-plugin-inappbrowser/CDVInAppBrowser.h"; sourceTree = "<group>"; };
		F840E1F0165FE0F500CFE078 /* config.xml */ = {isa = PBXFileReference; lastKnownFileType = text.xml; name = config.xml; path = misvivoapp/config.xml; sourceTree = "<group>"; };
		FA8336AF0896403B82B21FB0 /* CDVCapture.bundle */ = {isa = PBXFileReference; explicitFileType = undefined; fileEncoding = 9; includeInIndex = 0; lastKnownFileType = "wrapper.plug-in"; path = CDVCapture.bundle; sourceTree = "<group>"; };
/* End PBXFileReference section */

/* Begin PBXFrameworksBuildPhase section */
		1D60588F0D05DD3D006BFB54 /* Frameworks */ = {
			isa = PBXFrameworksBuildPhase;
			buildActionMask = 2147483647;
			files = (
				301BF552109A68D80062928A /* libCordova.a in Frameworks */,
				B1B5AD32D9FD4344B29E8DF8 /* ImageIO.framework in Frameworks */,
				74EAE2206B834BEB9C1F443E /* CoreLocation.framework in Frameworks */,
				557DE1275C4847DF96C590ED /* AVFoundation.framework in Frameworks */,
				C5B28C2F08E147A68A5EE117 /* AddressBook.framework in Frameworks */,
				1BF6AD6A7E544D699342AB33 /* AddressBookUI.framework in Frameworks */,
				231BABD556E84D61B40ACF79 /* CoreMotion.framework in Frameworks */,
				BE0CC960FF4B4A2D9E7668C9 /* AudioToolbox.framework in Frameworks */,
				D7B970CB7CE64DE895D779FE /* SystemConfiguration.framework in Frameworks */,
				FB92E6E9EE794968B9FCDE9D /* CoreTelephony.framework in Frameworks */,
			);
			runOnlyForDeploymentPostprocessing = 0;
		};
/* End PBXFrameworksBuildPhase section */

/* Begin PBXGroup section */
		080E96DDFE201D6D7F000001 /* Classes */ = {
			isa = PBXGroup;
			children = (
				302D95EE14D2391D003F00A1 /* MainViewController.h */,
				302D95EF14D2391D003F00A1 /* MainViewController.m */,
				302D95F014D2391D003F00A1 /* MainViewController.xib */,
				1D3623240D0F684500981E51 /* AppDelegate.h */,
				1D3623250D0F684500981E51 /* AppDelegate.m */,
			);
			name = Classes;
			path = misvivoapp/Classes;
			sourceTree = SOURCE_ROOT;
		};
		19C28FACFE9D520D11CA2CBB /* Products */ = {
			isa = PBXGroup;
			children = (
				1D6058910D05DD3D006BFB54 /* misvivoapp.app */,
			);
			name = Products;
			sourceTree = "<group>";
		};
		29B97314FDCFA39411CA2CEA /* CustomTemplate */ = {
			isa = PBXGroup;
			children = (
				84E18B071E664B3D006E6574 /* misvivoapp.entitlements */,
				EB87FDF41871DAF40020F90C /* config.xml */,
				EB87FDF31871DA8E0020F90C /* www */,
				EB87FDF11871DA420020F90C /* Staging */,
				301BF52D109A57CC0062928A /* CordovaLib.xcodeproj */,
				080E96DDFE201D6D7F000001 /* Classes */,
				307C750510C5A3420062BCA9 /* Plugins */,
				29B97315FDCFA39411CA2CEA /* Other Sources */,
				29B97317FDCFA39411CA2CEA /* Resources */,
				29B97323FDCFA39411CA2CEA /* Frameworks */,
				19C28FACFE9D520D11CA2CBB /* Products */,
			);
			name = CustomTemplate;
			sourceTree = "<group>";
		};
		29B97315FDCFA39411CA2CEA /* Other Sources */ = {
			isa = PBXGroup;
			children = (
				32CA4F630368D1EE00C91783 /* misvivoapp-Prefix.pch */,
				29B97316FDCFA39411CA2CEA /* main.m */,
				ED33DF2A687741AEAF9F8254 /* Bridging-Header.h */,
			);
			name = "Other Sources";
			path = misvivoapp;
			sourceTree = "<group>";
		};
		29B97317FDCFA39411CA2CEA /* Resources */ = {
			isa = PBXGroup;
			children = (
				0207DA571B56EA530066E2B4 /* Images.xcassets */,
				3047A50E1AB8057F00498E2A /* config */,
				8D1107310486CEB800E47090 /* misvivoapp-Info.plist */,
				6AFF5BF81D6E424B00AB3073 /* CDVLaunchScreen.storyboard */,
				66A2E3F6BFB842B7A12488BD /* CDVNotification.bundle */,
				FA8336AF0896403B82B21FB0 /* CDVCapture.bundle */,
			);
			name = Resources;
			path = misvivoapp/Resources;
			sourceTree = "<group>";
		};
		29B97323FDCFA39411CA2CEA /* Frameworks */ = {
			isa = PBXGroup;
			children = (
				91210FECCDB04E10BCCE42EC /* ImageIO.framework */,
				4CD76FEBE74E4096A5841D5F /* CoreLocation.framework */,
				88E4B035891C4A7CA3BB05C0 /* AVFoundation.framework */,
				25976CE03198433F9F795516 /* AddressBook.framework */,
				AAD526A744364AC4AE8D1D06 /* AddressBookUI.framework */,
				1EE51EA37A0742FDA744D468 /* CoreMotion.framework */,
				7955C7BF8EDD4997BEBEEF4E /* AudioToolbox.framework */,
				69DD78C338CA4F8898A9AFE7 /* SystemConfiguration.framework */,
				6E2E423D332D4FE787964E67 /* CoreTelephony.framework */,
			);
			name = Frameworks;
			sourceTree = "<group>";
		};
		301BF52E109A57CC0062928A /* Products */ = {
			isa = PBXGroup;
			children = (
				301BF535109A57CC0062928A /* libCordova.a */,
			);
			name = Products;
			sourceTree = "<group>";
		};
		3047A50E1AB8057F00498E2A /* config */ = {
			isa = PBXGroup;
			children = (
				3047A50F1AB8059700498E2A /* build-debug.xcconfig */,
				3047A5101AB8059700498E2A /* build-release.xcconfig */,
				3047A5111AB8059700498E2A /* build.xcconfig */,
			);
			name = config;
			sourceTree = "<group>";
		};
		307C750510C5A3420062BCA9 /* Plugins */ = {
			isa = PBXGroup;
			children = (
				98918FD3AF91474683E3BCEA /* CDVBattery.m */,
				1893201F5C7E435DAB712529 /* CDVBattery.h */,
				0699279FD6294B19BF0009D4 /* UIImage+CropScaleOrientation.m */,
				B8B9DB641C5A455895AD1A91 /* CDVCamera.m */,
				5D5410F73AD9400C829DEA05 /* CDVJpegHeaderWriter.m */,
				BE28730EDE984199A9D55B68 /* UIImage+CropScaleOrientation.h */,
				2DB760BCF80F47279773144D /* CDVCamera.h */,
				41B608C912184A6FA1D5A09F /* CDVJpegHeaderWriter.h */,
				30C41DB80924412EA6431913 /* CDVExif.h */,
				C65534144E554FDD997E10D8 /* CDVLogger.m */,
				363E5D84A4DC4583B59EEBCC /* CDVLogger.h */,
				5A2584C9415D4B8D948EF741 /* CDVContacts.m */,
				F183E907D12C48ECA172E3FE /* CDVContact.m */,
				4E0B56CFE5AA416EA333EC15 /* CDVContacts.h */,
				3DB0146A12184B39BF82DD5C /* CDVContact.h */,
				178C6D82C4E549CEB28FE361 /* CDVDevice.m */,
				102510FA74D547FD937A9BB1 /* CDVDevice.h */,
				E950FF424F964BC08EBA56D4 /* CDVAccelerometer.m */,
				37330152CE4140C3A0666E59 /* CDVAccelerometer.h */,
				372B4460038445139A759956 /* CDVCompass.m */,
				48BAF76329B941D0B5D71AF7 /* CDVCompass.h */,
				428273CA38944E4CBB15F022 /* CDVNotification.m */,
				2ABA5BD6596744C2AB581868 /* CDVNotification.h */,
				26B92490EF3F41B19BD7335B /* CDVFile.m */,
				4DACCB18291F41EE91B127A7 /* CDVLocalFilesystem.m */,
				40641D7A1C2041B9811B505B /* CDVAssetLibraryFilesystem.m */,
				F72EF5EF56B24EA3BEC9B5E8 /* CDVFile.h */,
				49B42576B1944E4B9C5F2323 /* CDVLocalFilesystem.h */,
				EE61A20EBBFA4EC8BF6A68BD /* CDVAssetLibraryFilesystem.h */,
				810DEC71D5924A49ADA23656 /* CDVFileTransfer.m */,
				1F58CC5B0DDB40C5AD4F70B0 /* CDVFileTransfer.h */,
				31DBC7A83407409D8228C260 /* CDVLocation.m */,
				BC973CB03E324BE28F4BB311 /* CDVLocation.h */,
				0019DB0A57B84B41B15023E5 /* CDVGlobalization.m */,
				DFCD34A2588246D38F21EDAD /* CDVGlobalization.h */,
				48FA0C92AADB4102AE70B60C /* CDVInAppBrowser.m */,
				F74D9D19C9854B88A1702FE8 /* CDVInAppBrowser.h */,
				84D03C38AC4940A78C2593C2 /* CDVSound.m */,
				39B0237E6D49428AAB76AA86 /* CDVSound.h */,
				725BAF5EAEE54AC2A2AEF80D /* CDVCapture.m */,
				CD813137CFB74D04B13C1907 /* CDVCapture.h */,
				8FA2D640DF054B2E90491BE4 /* CDVConnection.m */,
				C3416D912C6A490CAB7217D4 /* CDVReachability.m */,
				8C06DCFA26C84278AC924A3C /* CDVConnection.h */,
				83DE4420B5DF4B4DAFC834C5 /* CDVReachability.h */,
				A3C3DFF2E93F435C9F51DADB /* CDVSplashScreen.m */,
				B48C4BD0A2784F11858B0DD7 /* CDVViewController+SplashScreen.m */,
				AA455A1EDF3E47049446B015 /* CDVSplashScreen.h */,
				5052E3D6E9D240A0BBCE3A64 /* CDVViewController+SplashScreen.h */,
				DB81DEF8A97C4902B1F69ABE /* CDVStatusBar.m */,
				D29099FCC5074CA5963A8B09 /* CDVStatusBar.h */,
				9A7F943439064950896E65C6 /* CDVVibration.m */,
				D35C51D3007F4FBAAD9E4910 /* CDVVibration.h */,
				1EE16614389B4A7EB4A7946E /* OneSignalPush.h */,
				D93A82FB1CA049A0A2C3D596 /* OneSignalSelectorHelpers.h */,
				071D2FA4BF014E48AAD1F03A /* UNUserNotificationCenter+OneSignal.h */,
				A30B3E5AAAF04CEEA933F611 /* UIApplicationDelegate+OneSignal.h */,
				6EF44347025F47BB899BC1A5 /* OneSignal.m */,
				E66EDF6434594DE99476B919 /* OneSignalHTTPClient.m */,
				64D7E73027A9422DBA4E3C0F /* OneSignalTrackIAP.m */,
				48ADC28793D341D586E7938D /* OneSignalJailbreakDetection.m */,
				E9FE21304F0C4E8AADBCC91C /* OneSignalReachability.m */,
				68BEFDDF1C2244ADB5B18D3F /* OneSignalMobileProvision.m */,
				B1227FC6CAF842C8B76FF201 /* OneSignalLocation.m */,
				DC34F2728DD3416EBBADA0EA /* OneSignalAlertViewDelegate.m */,
				B83F905E8D014392A4E32186 /* OneSignalTracker.m */,
				B4E4573A57E1473D8A95CF27 /* OneSignalHelper.m */,
				DA1B63600B584EDB8D2A14EB /* OneSignalWebView.m */,
				8BBE1F32AA0B4BC1BF2847EB /* OneSignalPush.m */,
				0E057E73DAA74ADD90AA5AB7 /* OneSignalSelectorHelpers.m */,
				88AB7891E1654CBDB273EB88 /* UNUserNotificationCenter+OneSignal.m */,
				BCF9292C09364FF19D6CB5CE /* UIApplicationDelegate+OneSignal.m */,
				D1C174C3EB34477E96BB4E66 /* OneSignal.h */,
				687E7DBD6A434DE98A7C0F17 /* OneSignalHTTPClient.h */,
				BD1FAD9C754343A6A9BAFD00 /* OneSignalTrackIAP.h */,
				E0453714DF8B46809D9B5BEF /* OneSignalJailbreakDetection.h */,
				EBA924A8D8D7443194FBAA98 /* OneSignalReachability.h */,
				889F9633DB2E41BFB5704621 /* OneSignalMobileProvision.h */,
				57AE7EB2385F41198E57E9C5 /* OneSignalLocation.h */,
				31F7758963D140C0988A8F52 /* OneSignalAlertViewDelegate.h */,
				5F50CF17B64E4856BC66E934 /* OneSignalHelper.h */,
				A8D58661C1164C0688582E0A /* OneSignalTracker.h */,
				E9C5B4CCF8204DD1912A1637 /* OneSignalWebView.h */,
				315787D4DCA64418A4E156CB /* OneSignal-Prefix.pch */,
			);
			name = Plugins;
			path = misvivoapp/Plugins;
			sourceTree = SOURCE_ROOT;
		};
		EB87FDF11871DA420020F90C /* Staging */ = {
			isa = PBXGroup;
			children = (
				F840E1F0165FE0F500CFE078 /* config.xml */,
				301BF56E109A69640062928A /* www */,
			);
			name = Staging;
			sourceTree = "<group>";
		};
/* End PBXGroup section */

/* Begin PBXNativeTarget section */
		1D6058900D05DD3D006BFB54 /* misvivoapp */ = {
			isa = PBXNativeTarget;
			buildConfigurationList = 1D6058960D05DD3E006BFB54 /* Build configuration list for PBXNativeTarget "misvivoapp" */;
			buildPhases = (
				304B58A110DAC018002A0835 /* Copy www directory */,
				1D60588D0D05DD3D006BFB54 /* Resources */,
				1D60588E0D05DD3D006BFB54 /* Sources */,
				1D60588F0D05DD3D006BFB54 /* Frameworks */,
			);
			buildRules = (
			);
			dependencies = (
				301BF551109A68C00062928A /* PBXTargetDependency */,
			);
			name = misvivoapp;
			productName = misvivoapp;
			productReference = 1D6058910D05DD3D006BFB54 /* misvivoapp.app */;
			productType = "com.apple.product-type.application";
		};
/* End PBXNativeTarget section */

/* Begin PBXProject section */
		29B97313FDCFA39411CA2CEA /* Project object */ = {
			isa = PBXProject;
			attributes = {
				LastUpgradeCheck = 510;
				TargetAttributes = {
					1D6058900D05DD3D006BFB54 = {
						DevelopmentTeam = 333JC77C27;
						ProvisioningStyle = Automatic;
						SystemCapabilities = {
							com.apple.Push = {
								enabled = 1;
							};
						};
					};
				};
			};
			buildConfigurationList = C01FCF4E08A954540054247B /* Build configuration list for PBXProject "misvivoapp" */;
			compatibilityVersion = "Xcode 3.2";
			developmentRegion = English;
			hasScannedForEncodings = 1;
			knownRegions = (
				en,
			);
			mainGroup = 29B97314FDCFA39411CA2CEA /* CustomTemplate */;
			projectDirPath = "";
			projectReferences = (
				{
					ProductGroup = 301BF52E109A57CC0062928A /* Products */;
					ProjectRef = 301BF52D109A57CC0062928A /* CordovaLib.xcodeproj */;
				},
			);
			projectRoot = "";
			targets = (
				1D6058900D05DD3D006BFB54 /* misvivoapp */,
			);
		};
/* End PBXProject section */

/* Begin PBXReferenceProxy section */
		301BF535109A57CC0062928A /* libCordova.a */ = {
			isa = PBXReferenceProxy;
			fileType = archive.ar;
			path = libCordova.a;
			remoteRef = 301BF534109A57CC0062928A /* PBXContainerItemProxy */;
			sourceTree = BUILT_PRODUCTS_DIR;
		};
/* End PBXReferenceProxy section */

/* Begin PBXResourcesBuildPhase section */
		1D60588D0D05DD3D006BFB54 /* Resources */ = {
			isa = PBXResourcesBuildPhase;
			buildActionMask = 2147483647;
			files = (
				302D95F214D2391D003F00A1 /* MainViewController.xib in Resources */,
				0207DA581B56EA530066E2B4 /* Images.xcassets in Resources */,
				6AFF5BF91D6E424B00AB3073 /* CDVLaunchScreen.storyboard in Resources */,
				963196DAB83041AEB67CE64B /* CDVNotification.bundle in Resources */,
				20585CEEBC144EADB79B0C4A /* CDVCapture.bundle in Resources */,
			);
			runOnlyForDeploymentPostprocessing = 0;
		};
/* End PBXResourcesBuildPhase section */

/* Begin PBXShellScriptBuildPhase section */
		304B58A110DAC018002A0835 /* Copy www directory */ = {
			isa = PBXShellScriptBuildPhase;
			buildActionMask = 2147483647;
			files = (
			);
			inputPaths = (
			);
			name = "Copy www directory";
			outputPaths = (
			);
			runOnlyForDeploymentPostprocessing = 0;
			shellPath = /bin/sh;
			shellScript = "NODEJS_PATH=/usr/local/bin; NVM_NODE_PATH=~/.nvm/versions/node/`nvm version 2>/dev/null`/bin; N_NODE_PATH=`find /usr/local/n/versions/node/* -maxdepth 0 -type d 2>/dev/null | tail -1`/bin; XCODE_NODE_PATH=`xcode-select --print-path`/usr/share/xcs/Node/bin; PATH=$NODEJS_PATH:$NVM_NODE_PATH:$N_NODE_PATH:$XCODE_NODE_PATH:$PATH && node cordova/lib/copy-www-build-step.js";
			showEnvVarsInLog = 0;
		};
/* End PBXShellScriptBuildPhase section */

/* Begin PBXSourcesBuildPhase section */
		1D60588E0D05DD3D006BFB54 /* Sources */ = {
			isa = PBXSourcesBuildPhase;
			buildActionMask = 2147483647;
			files = (
				1D60589B0D05DD56006BFB54 /* main.m in Sources */,
				1D3623260D0F684500981E51 /* AppDelegate.m in Sources */,
				302D95F114D2391D003F00A1 /* MainViewController.m in Sources */,
				039669AF9F06449D8EE5C6D6 /* CDVBattery.m in Sources */,
				A96F5E6DD2EB4582913C6A7A /* UIImage+CropScaleOrientation.m in Sources */,
				3BD6944CF9A740DC8EC16577 /* CDVCamera.m in Sources */,
				BE1406B04D4E4990B19240F2 /* CDVJpegHeaderWriter.m in Sources */,
				53002B2756554EBDB46B6EC4 /* CDVLogger.m in Sources */,
				40B7E75B4A4344AE861CAC78 /* CDVContacts.m in Sources */,
				D7E418FF36804254945B2797 /* CDVContact.m in Sources */,
				F9239384BB45407C9A9AE152 /* CDVDevice.m in Sources */,
				583A3554EE0A454BA183BCB9 /* CDVAccelerometer.m in Sources */,
				00C33EC0A17B421595248641 /* CDVCompass.m in Sources */,
				E1B278707AF245EA917E97D4 /* CDVNotification.m in Sources */,
				6DB17160C14B48A3B1D5A98C /* CDVFile.m in Sources */,
				713E8F05D3CC4CFB83D9719B /* CDVLocalFilesystem.m in Sources */,
				41A216FA0ADF4729AD79F3A1 /* CDVAssetLibraryFilesystem.m in Sources */,
				560491B12BA8494983E196C2 /* CDVFileTransfer.m in Sources */,
				C1283766373D48B2A048CADB /* CDVLocation.m in Sources */,
				61A1C70A3127440A8CF88413 /* CDVGlobalization.m in Sources */,
				C3A005E36EB3453095FECBD2 /* CDVInAppBrowser.m in Sources */,
				654BDAD675A244BD86979129 /* CDVSound.m in Sources */,
				A7AC942FA0F24266A725B812 /* CDVCapture.m in Sources */,
				76140114EC4748FC8FEB3CF8 /* CDVConnection.m in Sources */,
				0FA03768B6354A4F9853FCFF /* CDVReachability.m in Sources */,
				3708D8EEB20B460F843B1E5B /* CDVSplashScreen.m in Sources */,
				769676BCE8274357BB02D5A4 /* CDVViewController+SplashScreen.m in Sources */,
				1D08C3012E144D3D9CEB10F6 /* CDVStatusBar.m in Sources */,
				38CC01AC35BC49E2B02B7993 /* CDVVibration.m in Sources */,
				03DD8183A4044BC89E493F51 /* OneSignalPush.h in Sources */,
				2A7A7F7710F34B609BB6A03F /* OneSignalSelectorHelpers.h in Sources */,
				960F9B4955CB4356B9C586AE /* UNUserNotificationCenter+OneSignal.h in Sources */,
				EF293DF52749401BB18E2D66 /* UIApplicationDelegate+OneSignal.h in Sources */,
				EBEA1AE026B84D81896F6C41 /* OneSignal.m in Sources */,
				25457C59059F4FB394B7C830 /* OneSignalHTTPClient.m in Sources */,
				616E0E355CE54539AF9C9489 /* OneSignalTrackIAP.m in Sources */,
				6494A4C1615D4F72A56D0A57 /* OneSignalJailbreakDetection.m in Sources */,
				BBEC0DB9B7EA4A94A4E6B37E /* OneSignalReachability.m in Sources */,
				0E8887E59D7D46EE8F223B98 /* OneSignalMobileProvision.m in Sources */,
				26903BC45AB14FE599B2777B /* OneSignalLocation.m in Sources */,
				4E54E13503E04B839B1F20DA /* OneSignalAlertViewDelegate.m in Sources */,
				F29F471CCE49407A952B0A55 /* OneSignalTracker.m in Sources */,
				74594659F2B8459996970E63 /* OneSignalHelper.m in Sources */,
				C7BDB101DCAB4F87B79B0F33 /* OneSignalWebView.m in Sources */,
				26BEBD19E4FD4477B113B671 /* OneSignalPush.m in Sources */,
				9517B68CE89044E9B85A56D3 /* OneSignalSelectorHelpers.m in Sources */,
				1AABC779369E475CB6162BCB /* UNUserNotificationCenter+OneSignal.m in Sources */,
				7FCD465085FF48ECB40213FD /* UIApplicationDelegate+OneSignal.m in Sources */,
			);
			runOnlyForDeploymentPostprocessing = 0;
		};
/* End PBXSourcesBuildPhase section */

/* Begin PBXTargetDependency section */
		301BF551109A68C00062928A /* PBXTargetDependency */ = {
			isa = PBXTargetDependency;
			name = CordovaLib;
			targetProxy = 301BF550109A68C00062928A /* PBXContainerItemProxy */;
		};
/* End PBXTargetDependency section */

/* Begin XCBuildConfiguration section */
		1D6058940D05DD3E006BFB54 /* Debug */ = {
			isa = XCBuildConfiguration;
			baseConfigurationReference = 3047A50F1AB8059700498E2A /* build-debug.xcconfig */;
			buildSettings = {
				ALWAYS_SEARCH_USER_PATHS = NO;
				ASSETCATALOG_COMPILER_APPICON_NAME = AppIcon;
				ASSETCATALOG_COMPILER_LAUNCHIMAGE_NAME = LaunchImage;
				CLANG_ENABLE_MODULES = YES;
				CLANG_ENABLE_OBJC_ARC = YES;
				CODE_SIGN_ENTITLEMENTS = misvivoapp/misvivoapp.entitlements;
				"CODE_SIGN_IDENTITY[sdk=iphoneos*]" = "iPhone Developer";
				COPY_PHASE_STRIP = NO;
				DEVELOPMENT_TEAM = 333JC77C27;
				GCC_DYNAMIC_NO_PIC = NO;
				GCC_OPTIMIZATION_LEVEL = 0;
				GCC_PRECOMPILE_PREFIX_HEADER = YES;
				GCC_PREFIX_HEADER = "misvivoapp/misvivoapp-Prefix.pch";
				GCC_THUMB_SUPPORT = NO;
				GCC_VERSION = "";
				INFOPLIST_FILE = "misvivoapp/misvivoapp-Info.plist";
				IPHONEOS_DEPLOYMENT_TARGET = 8.0;
				LD_RUNPATH_SEARCH_PATHS = "@executable_path/Frameworks";
				PRODUCT_NAME = misvivoapp;
				TARGETED_DEVICE_FAMILY = "1,2";
			};
			name = Debug;
		};
		1D6058950D05DD3E006BFB54 /* Release */ = {
			isa = XCBuildConfiguration;
			baseConfigurationReference = 3047A5101AB8059700498E2A /* build-release.xcconfig */;
			buildSettings = {
				ALWAYS_SEARCH_USER_PATHS = NO;
				ASSETCATALOG_COMPILER_APPICON_NAME = AppIcon;
				ASSETCATALOG_COMPILER_LAUNCHIMAGE_NAME = LaunchImage;
				CLANG_ENABLE_MODULES = YES;
				CLANG_ENABLE_OBJC_ARC = YES;
				CODE_SIGN_ENTITLEMENTS = misvivoapp/misvivoapp.entitlements;
				"CODE_SIGN_IDENTITY[sdk=iphoneos*]" = "iPhone Developer";
				COPY_PHASE_STRIP = YES;
				DEVELOPMENT_TEAM = 333JC77C27;
				GCC_PRECOMPILE_PREFIX_HEADER = YES;
				GCC_PREFIX_HEADER = "misvivoapp/misvivoapp-Prefix.pch";
				GCC_THUMB_SUPPORT = NO;
				GCC_VERSION = "";
				INFOPLIST_FILE = "misvivoapp/misvivoapp-Info.plist";
				IPHONEOS_DEPLOYMENT_TARGET = 8.0;
				LD_RUNPATH_SEARCH_PATHS = "@executable_path/Frameworks";
				PRODUCT_NAME = misvivoapp;
				TARGETED_DEVICE_FAMILY = "1,2";
			};
			name = Release;
		};
		C01FCF4F08A954540054247B /* Debug */ = {
			isa = XCBuildConfiguration;
			baseConfigurationReference = 3047A5111AB8059700498E2A /* build.xcconfig */;
			buildSettings = {
				ASSETCATALOG_COMPILER_LAUNCHIMAGE_NAME = LaunchImage;
				CLANG_ENABLE_MODULES = YES;
				CLANG_ENABLE_OBJC_ARC = YES;
				CLANG_WARN_BOOL_CONVERSION = YES;
				CLANG_WARN_CONSTANT_CONVERSION = YES;
				CLANG_WARN_EMPTY_BODY = YES;
				CLANG_WARN_ENUM_CONVERSION = YES;
				CLANG_WARN_INT_CONVERSION = YES;
				CLANG_WARN__DUPLICATE_METHOD_MATCH = YES;
				GCC_C_LANGUAGE_STANDARD = c99;
				GCC_THUMB_SUPPORT = NO;
				GCC_VERSION = "";
				GCC_WARN_ABOUT_RETURN_TYPE = YES;
				GCC_WARN_UNDECLARED_SELECTOR = YES;
				GCC_WARN_UNINITIALIZED_AUTOS = YES;
				GCC_WARN_UNUSED_FUNCTION = YES;
				GCC_WARN_UNUSED_VARIABLE = YES;
				ONLY_ACTIVE_ARCH = YES;
				SDKROOT = iphoneos;
				SKIP_INSTALL = NO;
			};
			name = Debug;
		};
		C01FCF5008A954540054247B /* Release */ = {
			isa = XCBuildConfiguration;
			baseConfigurationReference = 3047A5111AB8059700498E2A /* build.xcconfig */;
			buildSettings = {
				ASSETCATALOG_COMPILER_LAUNCHIMAGE_NAME = LaunchImage;
				CLANG_ENABLE_MODULES = YES;
				CLANG_ENABLE_OBJC_ARC = YES;
				CLANG_WARN_BOOL_CONVERSION = YES;
				CLANG_WARN_CONSTANT_CONVERSION = YES;
				CLANG_WARN_EMPTY_BODY = YES;
				CLANG_WARN_ENUM_CONVERSION = YES;
				CLANG_WARN_INT_CONVERSION = YES;
				CLANG_WARN__DUPLICATE_METHOD_MATCH = YES;
				GCC_C_LANGUAGE_STANDARD = c99;
				GCC_THUMB_SUPPORT = NO;
				GCC_VERSION = "";
				GCC_WARN_ABOUT_RETURN_TYPE = YES;
				GCC_WARN_UNDECLARED_SELECTOR = YES;
				GCC_WARN_UNINITIALIZED_AUTOS = YES;
				GCC_WARN_UNUSED_FUNCTION = YES;
				GCC_WARN_UNUSED_VARIABLE = YES;
				SDKROOT = iphoneos;
				SKIP_INSTALL = NO;
			};
			name = Release;
		};
/* End XCBuildConfiguration section */

/* Begin XCConfigurationList section */
		1D6058960D05DD3E006BFB54 /* Build configuration list for PBXNativeTarget "misvivoapp" */ = {
			isa = XCConfigurationList;
			buildConfigurations = (
				1D6058940D05DD3E006BFB54 /* Debug */,
				1D6058950D05DD3E006BFB54 /* Release */,
			);
			defaultConfigurationIsVisible = 0;
			defaultConfigurationName = Release;
		};
		C01FCF4E08A954540054247B /* Build configuration list for PBXProject "misvivoapp" */ = {
			isa = XCConfigurationList;
			buildConfigurations = (
				C01FCF4F08A954540054247B /* Debug */,
				C01FCF5008A954540054247B /* Release */,
			);
			defaultConfigurationIsVisible = 0;
			defaultConfigurationName = Release;
		};
/* End XCConfigurationList section */
	};
	rootObject = 29B97313FDCFA39411CA2CEA /* Project object */;
}
